
Microsoft Visual Studio Solution File, Format Version 12.00
# Visual Studio 15
VisualStudioVersion = 15.0.28307.1300
MinimumVisualStudioVersion = 10.0.40219.1
Project("{B1E792BE-AA5F-4E3C-8C82-674BF9C0715B}") = "PlcProjectModel", "PlcProjectModel\PlcProjectModel.tsproj", "{82DC12DF-A377-4BBB-9E3C-1247B9466FEF}"
EndProject
Global
	GlobalSection(SolutionConfigurationPlatforms) = preSolution
		Debug|TwinCAT CE7 (ARMV7) = Debug|TwinCAT CE7 (ARMV7)
		Debug|TwinCAT OS (ARMT2) = Debug|TwinCAT OS (ARMT2)
		Debug|TwinCAT RT (x64) = Debug|TwinCAT RT (x64)
		Debug|TwinCAT RT (x86) = Debug|TwinCAT RT (x86)
		Release|TwinCAT CE7 (ARMV7) = Release|TwinCAT CE7 (ARMV7)
		Release|TwinCAT OS (ARMT2) = Release|TwinCAT OS (ARMT2)
		Release|TwinCAT RT (x64) = Release|TwinCAT RT (x64)
		Release|TwinCAT RT (x86) = Release|TwinCAT RT (x86)
	EndGlobalSection
	GlobalSection(ProjectConfigurationPlatforms) = postSolution
		{82DC12DF-A377-4BBB-9E3C-1247B9466FEF}.Debug|TwinCAT CE7 (ARMV7).ActiveCfg = Debug|TwinCAT CE7 (ARMV7)
		{82DC12DF-A377-4BBB-9E3C-1247B9466FEF}.Debug|TwinCAT CE7 (ARMV7).Build.0 = Debug|TwinCAT CE7 (ARMV7)
		{82DC12DF-A377-4BBB-9E3C-1247B9466FEF}.Debug|TwinCAT OS (ARMT2).ActiveCfg = Debug|TwinCAT OS (ARMT2)
		{82DC12DF-A377-4BBB-9E3C-1247B9466FEF}.Debug|TwinCAT OS (ARMT2).Build.0 = Debug|TwinCAT OS (ARMT2)
		{82DC12DF-A377-4BBB-9E3C-1247B9466FEF}.Debug|TwinCAT RT (x64).ActiveCfg = Debug|TwinCAT RT (x64)
		{82DC12DF-A377-4BBB-9E3C-1247B9466FEF}.Debug|TwinCAT RT (x64).Build.0 = Debug|TwinCAT RT (x64)
		{82DC12DF-A377-4BBB-9E3C-1247B9466FEF}.Debug|TwinCAT RT (x86).ActiveCfg = Debug|TwinCAT RT (x86)
		{82DC12DF-A377-4BBB-9E3C-1247B9466FEF}.Debug|TwinCAT RT (x86).Build.0 = Debug|TwinCAT RT (x86)
		{82DC12DF-A377-4BBB-9E3C-1247B9466FEF}.Release|TwinCAT CE7 (ARMV7).ActiveCfg = Release|TwinCAT CE7 (ARMV7)
		{82DC12DF-A377-4BBB-9E3C-1247B9466FEF}.Release|TwinCAT CE7 (ARMV7).Build.0 = Release|TwinCAT CE7 (ARMV7)
		{82DC12DF-A377-4BBB-9E3C-1247B9466FEF}.Release|TwinCAT OS (ARMT2).ActiveCfg = Release|TwinCAT OS (ARMT2)
		{82DC12DF-A377-4BBB-9E3C-1247B9466FEF}.Release|TwinCAT OS (ARMT2).Build.0 = Release|TwinCAT OS (ARMT2)
		{82DC12DF-A377-4BBB-9E3C-1247B9466FEF}.Release|TwinCAT RT (x64).ActiveCfg = Release|TwinCAT RT (x64)
		{82DC12DF-A377-4BBB-9E3C-1247B9466FEF}.Release|TwinCAT RT (x64).Build.0 = Release|TwinCAT RT (x64)
		{82DC12DF-A377-4BBB-9E3C-1247B9466FEF}.Release|TwinCAT RT (x86).ActiveCfg = Release|TwinCAT RT (x86)
		{82DC12DF-A377-4BBB-9E3C-1247B9466FEF}.Release|TwinCAT RT (x86).Build.0 = Release|TwinCAT RT (x86)
		{8261F13F-E204-4500-B759-347F3212D980}.Debug|TwinCAT CE7 (ARMV7).ActiveCfg = Debug|TwinCAT CE7 (ARMV7)
		{8261F13F-E204-4500-B759-347F3212D980}.Debug|TwinCAT CE7 (ARMV7).Build.0 = Debug|TwinCAT CE7 (ARMV7)
		{8261F13F-E204-4500-B759-347F3212D980}.Debug|TwinCAT OS (ARMT2).ActiveCfg = Debug|TwinCAT OS (ARMT2)
		{8261F13F-E204-4500-B759-347F3212D980}.Debug|TwinCAT OS (ARMT2).Build.0 = Debug|TwinCAT OS (ARMT2)
		{8261F13F-E204-4500-B759-347F3212D980}.Debug|TwinCAT RT (x64).ActiveCfg = Debug|TwinCAT RT (x64)
		{8261F13F-E204-4500-B759-347F3212D980}.Debug|TwinCAT RT (x64).Build.0 = Debug|TwinCAT RT (x64)
		{8261F13F-E204-4500-B759-347F3212D980}.Debug|TwinCAT RT (x86).ActiveCfg = Debug|TwinCAT RT (x86)
		{8261F13F-E204-4500-B759-347F3212D980}.Debug|TwinCAT RT (x86).Build.0 = Debug|TwinCAT RT (x86)
		{8261F13F-E204-4500-B759-347F3212D980}.Release|TwinCAT CE7 (ARMV7).ActiveCfg = Release|TwinCAT CE7 (ARMV7)
		{8261F13F-E204-4500-B759-347F3212D980}.Release|TwinCAT CE7 (ARMV7).Build.0 = Release|TwinCAT CE7 (ARMV7)
		{8261F13F-E204-4500-B759-347F3212D980}.Release|TwinCAT OS (ARMT2).ActiveCfg = Release|TwinCAT OS (ARMT2)
		{8261F13F-E204-4500-B759-347F3212D980}.Release|TwinCAT OS (ARMT2).Build.0 = Release|TwinCAT OS (ARMT2)
		{8261F13F-E204-4500-B759-347F3212D980}.Release|TwinCAT RT (x64).ActiveCfg = Release|TwinCAT RT (x64)
		{8261F13F-E204-4500-B759-347F3212D980}.Release|TwinCAT RT (x64).Build.0 = Release|TwinCAT RT (x64)
		{8261F13F-E204-4500-B759-347F3212D980}.Release|TwinCAT RT (x86).ActiveCfg = Release|TwinCAT RT (x86)
		{8261F13F-E204-4500-B759-347F3212D980}.Release|TwinCAT RT (x86).Build.0 = Release|TwinCAT RT (x86)
	EndGlobalSection
	GlobalSection(SolutionProperties) = preSolution
		HideSolutionNode = FALSE
	EndGlobalSection
	GlobalSection(ExtensibilityGlobals) = postSolution
		SolutionGuid = {A0BFC3EE-5A44-455D-8F74-269465D980FC}
	EndGlobalSection
EndGlobal
