
Microsoft Visual Studio Solution File, Format Version 12.00
# Visual Studio 15
VisualStudioVersion = 15.0.28307.1913
MinimumVisualStudioVersion = 10.0.40219.1
Project("{B1E792BE-AA5F-4E3C-8C82-674BF9C0715B}") = "PlcProject", "PlcProject\PlcProject.tsproj", "{251F63ED-F36E-48F7-B1C4-92D1FA10291C}"
EndProject
Global
	GlobalSection(SolutionConfigurationPlatforms) = preSolution
		Debug|TwinCAT CE7 (ARMV7) = Debug|TwinCAT CE7 (ARMV7)
		Debug|TwinCAT OS (ARMT2) = Debug|TwinCAT OS (ARMT2)
		Debug|TwinCAT RT (x64) = Debug|TwinCAT RT (x64)
		Debug|TwinCAT RT (x86) = Debug|TwinCAT RT (x86)
		Release|TwinCAT CE7 (ARMV7) = Release|TwinCAT CE7 (ARMV7)
		Release|TwinCAT OS (ARMT2) = Release|TwinCAT OS (ARMT2)
		Release|TwinCAT RT (x64) = Release|TwinCAT RT (x64)
		Release|TwinCAT RT (x86) = Release|TwinCAT RT (x86)
	EndGlobalSection
	GlobalSection(ProjectConfigurationPlatforms) = postSolution
		{251F63ED-F36E-48F7-B1C4-92D1FA10291C}.Debug|TwinCAT CE7 (ARMV7).ActiveCfg = Debug|TwinCAT CE7 (ARMV7)
		{251F63ED-F36E-48F7-B1C4-92D1FA10291C}.Debug|TwinCAT CE7 (ARMV7).Build.0 = Debug|TwinCAT CE7 (ARMV7)
		{251F63ED-F36E-48F7-B1C4-92D1FA10291C}.Debug|TwinCAT OS (ARMT2).ActiveCfg = Debug|TwinCAT OS (ARMT2)
		{251F63ED-F36E-48F7-B1C4-92D1FA10291C}.Debug|TwinCAT OS (ARMT2).Build.0 = Debug|TwinCAT OS (ARMT2)
		{251F63ED-F36E-48F7-B1C4-92D1FA10291C}.Debug|TwinCAT RT (x64).ActiveCfg = Debug|TwinCAT RT (x64)
		{251F63ED-F36E-48F7-B1C4-92D1FA10291C}.Debug|TwinCAT RT (x64).Build.0 = Debug|TwinCAT RT (x64)
		{251F63ED-F36E-48F7-B1C4-92D1FA10291C}.Debug|TwinCAT RT (x86).ActiveCfg = Debug|TwinCAT RT (x86)
		{251F63ED-F36E-48F7-B1C4-92D1FA10291C}.Debug|TwinCAT RT (x86).Build.0 = Debug|TwinCAT RT (x86)
		{251F63ED-F36E-48F7-B1C4-92D1FA10291C}.Release|TwinCAT CE7 (ARMV7).ActiveCfg = Release|TwinCAT CE7 (ARMV7)
		{251F63ED-F36E-48F7-B1C4-92D1FA10291C}.Release|TwinCAT CE7 (ARMV7).Build.0 = Release|TwinCAT CE7 (ARMV7)
		{251F63ED-F36E-48F7-B1C4-92D1FA10291C}.Release|TwinCAT OS (ARMT2).ActiveCfg = Release|TwinCAT OS (ARMT2)
		{251F63ED-F36E-48F7-B1C4-92D1FA10291C}.Release|TwinCAT OS (ARMT2).Build.0 = Release|TwinCAT OS (ARMT2)
		{251F63ED-F36E-48F7-B1C4-92D1FA10291C}.Release|TwinCAT RT (x64).ActiveCfg = Release|TwinCAT RT (x64)
		{251F63ED-F36E-48F7-B1C4-92D1FA10291C}.Release|TwinCAT RT (x64).Build.0 = Release|TwinCAT RT (x64)
		{251F63ED-F36E-48F7-B1C4-92D1FA10291C}.Release|TwinCAT RT (x86).ActiveCfg = Release|TwinCAT RT (x86)
		{251F63ED-F36E-48F7-B1C4-92D1FA10291C}.Release|TwinCAT RT (x86).Build.0 = Release|TwinCAT RT (x86)
		{ACF92C86-6B08-46E5-84D5-9639555C967D}.Debug|TwinCAT CE7 (ARMV7).ActiveCfg = Debug|TwinCAT CE7 (ARMV7)
		{ACF92C86-6B08-46E5-84D5-9639555C967D}.Debug|TwinCAT CE7 (ARMV7).Build.0 = Debug|TwinCAT CE7 (ARMV7)
		{ACF92C86-6B08-46E5-84D5-9639555C967D}.Debug|TwinCAT OS (ARMT2).ActiveCfg = Debug|TwinCAT OS (ARMT2)
		{ACF92C86-6B08-46E5-84D5-9639555C967D}.Debug|TwinCAT OS (ARMT2).Build.0 = Debug|TwinCAT OS (ARMT2)
		{ACF92C86-6B08-46E5-84D5-9639555C967D}.Debug|TwinCAT RT (x64).ActiveCfg = Debug|TwinCAT RT (x64)
		{ACF92C86-6B08-46E5-84D5-9639555C967D}.Debug|TwinCAT RT (x64).Build.0 = Debug|TwinCAT RT (x64)
		{ACF92C86-6B08-46E5-84D5-9639555C967D}.Debug|TwinCAT RT (x86).ActiveCfg = Debug|TwinCAT RT (x86)
		{ACF92C86-6B08-46E5-84D5-9639555C967D}.Debug|TwinCAT RT (x86).Build.0 = Debug|TwinCAT RT (x86)
		{ACF92C86-6B08-46E5-84D5-9639555C967D}.Release|TwinCAT CE7 (ARMV7).ActiveCfg = Release|TwinCAT CE7 (ARMV7)
		{ACF92C86-6B08-46E5-84D5-9639555C967D}.Release|TwinCAT CE7 (ARMV7).Build.0 = Release|TwinCAT CE7 (ARMV7)
		{ACF92C86-6B08-46E5-84D5-9639555C967D}.Release|TwinCAT OS (ARMT2).ActiveCfg = Release|TwinCAT OS (ARMT2)
		{ACF92C86-6B08-46E5-84D5-9639555C967D}.Release|TwinCAT OS (ARMT2).Build.0 = Release|TwinCAT OS (ARMT2)
		{ACF92C86-6B08-46E5-84D5-9639555C967D}.Release|TwinCAT RT (x64).ActiveCfg = Release|TwinCAT RT (x64)
		{ACF92C86-6B08-46E5-84D5-9639555C967D}.Release|TwinCAT RT (x64).Build.0 = Release|TwinCAT RT (x64)
		{ACF92C86-6B08-46E5-84D5-9639555C967D}.Release|TwinCAT RT (x86).ActiveCfg = Release|TwinCAT RT (x86)
		{ACF92C86-6B08-46E5-84D5-9639555C967D}.Release|TwinCAT RT (x86).Build.0 = Release|TwinCAT RT (x86)
	EndGlobalSection
	GlobalSection(SolutionProperties) = preSolution
		HideSolutionNode = FALSE
	EndGlobalSection
	GlobalSection(ExtensibilityGlobals) = postSolution
		SolutionGuid = {C5144AB8-03E5-4B99-9449-B6DAD39342EE}
	EndGlobalSection
EndGlobal
