<Project DefaultTargets="Build" ToolsVersion="4.0" xmlns="http://schemas.microsoft.com/developer/msbuild/2003">
	<ItemGroup>
		<Filter Include="TwinCAT">
			<UniqueIdentifier>{5C78ED69-71AA-D9E5-6554-AF9278594289}</UniqueIdentifier>
		</Filter>
		<Filter Include="TwinCAT\ClassFactory">
			<UniqueIdentifier>{BC14C344-8490-0ED1-0FB2-EB377A97B94D}</UniqueIdentifier>
		</Filter>
		<Filter Include="TwinCAT\RT">
			<UniqueIdentifier>{89E5A5E3-47A6-CEAA-EB54-7AAEC54F1A18}</UniqueIdentifier>
		</Filter>
		<Filter Include="TwinCAT\OS">
			<UniqueIdentifier>{A5DC5C4E-1333-1152-F1D0-A5CF5D1481DA}</UniqueIdentifier>
		</Filter>
		<Filter Include="TwinCAT\UM">
			<UniqueIdentifier>{EFA98E70-DAD0-5157-59CA-C3D2119781CD}</UniqueIdentifier>
		</Filter>
		<Filter Include="TwinCAT\Classes">
			<UniqueIdentifier>{9B61A3A7-A735-2458-06A2-9BE063E9F6FD}</UniqueIdentifier>
		</Filter>
		<Filter Include="TwinCAT\Classes\ExampleModel">
			<UniqueIdentifier>{8E30551D-9BF4-A8F5-966C-C5A635BFC195}</UniqueIdentifier>
		</Filter>
		<Filter Include="Resource Files">
			<UniqueIdentifier>{0A48A492-CE5E-7DBE-F7A6-47B401312C80}</UniqueIdentifier>
		</Filter>
		<Filter Include="Simulink">
			<UniqueIdentifier>{17E50FCF-626C-B79F-ED27-FFC640DFF3F2}</UniqueIdentifier>
		</Filter>
		<Filter Include="Simulink\ExampleModel">
			<UniqueIdentifier>{31A99142-FD9B-5AFE-17C5-D0DD7C63FA5D}</UniqueIdentifier>
		</Filter>
		<Filter Include="Simulink\ExampleModel\Sources">
			<UniqueIdentifier>{3AEB7EFD-F821-0EA9-9ACD-667036D2A699}</UniqueIdentifier>
		</Filter>
		<Filter Include="Simulink\ExampleModel\Includes">
			<UniqueIdentifier>{566F8EC6-0052-47A7-C5BB-90619A3D8FB9}</UniqueIdentifier>
		</Filter>
		<Filter Include="xml">
			<UniqueIdentifier>{2A46B09D-1326-FA27-AF17-4B5BCDC8DE9D}</UniqueIdentifier>
		</Filter>
		<Filter Include="TMx">
			<UniqueIdentifier>{8089E54E-6499-3B7C-C869-0FB705D116E0}</UniqueIdentifier>
		</Filter>
	</ItemGroup>
	<ItemGroup>
		<ClInclude Include="TcPch.h">
			<Filter>TwinCAT</Filter>
		</ClInclude>
		<ClInclude Include="ExampleModelServices.h">
			<Filter>TwinCAT</Filter>
		</ClInclude>
		<ClInclude Include="ExampleModelDuts.h">
			<Filter>TwinCAT</Filter>
		</ClInclude>
		<ClInclude Include="ExampleModelInterfaces.h">
			<Filter>TwinCAT</Filter>
		</ClInclude>
		<ClInclude Include="ExampleModelClassFactory.h">
			<Filter>TwinCAT\ClassFactory</Filter>
		</ClInclude>
		<ClInclude Include="ExampleModelDrv.h">
			<Filter>TwinCAT\RT</Filter>
		</ClInclude>
		<ClInclude Include="ExampleModelCtrl.h">
			<Filter>TwinCAT\UM</Filter>
		</ClInclude>
		<ClInclude Include="ExampleModelW32.h">
			<Filter>TwinCAT\UM</Filter>
		</ClInclude>
		<ClInclude Include="ExampleModelW32Resource.h">
			<Filter>TwinCAT\UM</Filter>
		</ClInclude>
		<ClInclude Include="TcComExampleModel.h">
			<Filter>TwinCAT\Classes\ExampleModel</Filter>
		</ClInclude>
		<ClInclude Include="FbExampleModel.h">
			<Filter>TwinCAT\Classes\ExampleModel</Filter>
		</ClInclude>
		<ClInclude Include="ExampleModelInternal.h">
			<Filter>TwinCAT\Classes\ExampleModel</Filter>
		</ClInclude>
		<ClInclude Include="$(Simulink_ExampleModel_START_DIR)\ExampleModel_tcgrt\ExampleModel.h">
			<Filter>Simulink\ExampleModel\Includes</Filter>
		</ClInclude>
		<ClInclude Include="$(Simulink_ExampleModel_START_DIR)\ExampleModel_tcgrt\ExampleModel_private.h">
			<Filter>Simulink\ExampleModel\Includes</Filter>
		</ClInclude>
		<ClInclude Include="$(Simulink_ExampleModel_START_DIR)\ExampleModel_tcgrt\ExampleModel_types.h">
			<Filter>Simulink\ExampleModel\Includes</Filter>
		</ClInclude>
		<ClInclude Include="$(Simulink_ExampleModel_START_DIR)\ExampleModel_tcgrt\multiword_types.h">
			<Filter>Simulink\ExampleModel\Includes</Filter>
		</ClInclude>
		<ClInclude Include="$(Simulink_ExampleModel_START_DIR)\ExampleModel_tcgrt\rtmodel.h">
			<Filter>Simulink\ExampleModel\Includes</Filter>
		</ClInclude>
		<ClInclude Include="$(Simulink_ExampleModel_START_DIR)\ExampleModel_tcgrt\rtwtypes.h">
			<Filter>Simulink\ExampleModel\Includes</Filter>
		</ClInclude>
	</ItemGroup>
	<ItemGroup>
		<ClCompile Include="TcPch.cpp">
			<Filter>TwinCAT</Filter>
		</ClCompile>
		<ClCompile Include="ExampleModelClassFactory.cpp">
			<Filter>TwinCAT\ClassFactory</Filter>
		</ClCompile>
		<ClCompile Include="ExampleModelDrv.cpp">
			<Filter>TwinCAT\RT</Filter>
		</ClCompile>
		<ClCompile Include="ExampleModelModulesMain.cpp">
			<Filter>TwinCAT\OS</Filter>
		</ClCompile>
		<ClCompile Include="ExampleModelCtrl.cpp">
			<Filter>TwinCAT\UM</Filter>
		</ClCompile>
		<ClCompile Include="ExampleModelW32.cpp">
			<Filter>TwinCAT\UM</Filter>
		</ClCompile>
		<ClCompile Include="TcComExampleModel.cpp">
			<Filter>TwinCAT\Classes\ExampleModel</Filter>
		</ClCompile>
		<ClCompile Include="FbExampleModel.cpp">
			<Filter>TwinCAT\Classes\ExampleModel</Filter>
		</ClCompile>
		<ClCompile Include="$(Simulink_ExampleModel_START_DIR)\ExampleModel_tcgrt\ExampleModel.cpp">
			<Filter>Simulink\ExampleModel\Sources</Filter>
		</ClCompile>
		<ClCompile Include="$(Simulink_ExampleModel_MATLAB_ROOT)\rtw\c\src\common\rt_malloc_main.cpp">
			<Filter>Simulink\ExampleModel\Sources</Filter>
		</ClCompile>
	</ItemGroup>
	<ItemGroup>
		<ResourceCompile Include="ExampleModelW32.rc">
			<Filter>TwinCAT\UM</Filter>
		</ResourceCompile>
		<ResourceCompile Include="ExampleModel.rc">
			<Filter>Resource Files</Filter>
		</ResourceCompile>
	</ItemGroup>
	<ItemGroup>
		<None Include="ExampleModelArtifacts.props">
			<Filter>ExampleModel.vcxproj</Filter>
		</None>
		<None Include="ExampleModelW32.def">
			<Filter>TwinCAT\UM</Filter>
		</None>
		<None Include="ExampleModel_ModuleInfo.xml">
			<Filter>TwinCAT\Classes\ExampleModel</Filter>
		</None>
		<None Include="ExampleModel.libcat.xml">
			<Filter>xml</Filter>
		</None>
		<None Include="ExampleModel.tmc">
			<Filter>TMx</Filter>
		</None>
		<None Include="ExampleModel.tml">
			<Filter>TMx</Filter>
		</None>
	</ItemGroup>
</Project>
